
Microsoft Visual Studio Solution File, Format Version 11.00
# Visual Studio 2010
Project("{FAE04EC0-301F-11D3-BF4B-00C04F79EFBC}") = "Assembly-CSharp", "Assembly-CSharp.csproj", "{ADAF70C1-09DC-D424-4D44-46117F68BCDB}"
EndProject
Global
	GlobalSection(SolutionConfigurationPlatforms) = preSolution
		Debug|Any CPU = Debug|Any CPU
		Release|Any CPU = Release|Any CPU
	EndGlobalSection
	GlobalSection(ProjectConfigurationPlatforms) = postSolution
		{ADAF70C1-09DC-D424-4D44-46117F68BCDB}.Debug|Any CPU.ActiveCfg = Debug|Any CPU
		{ADAF70C1-09DC-D424-4D44-46117F68BCDB}.Debug|Any CPU.Build.0 = Debug|Any CPU
		{ADAF70C1-09DC-D424-4D44-46117F68BCDB}.Release|Any CPU.ActiveCfg = Release|Any CPU
		{ADAF70C1-09DC-D424-4D44-46117F68BCDB}.Release|Any CPU.Build.0 = Release|Any CPU
	EndGlobalSection
	GlobalSection(SolutionProperties) = preSolution
		HideSolutionNode = FALSE
	EndGlobalSection
EndGlobal
